
Microsoft Visual Studio Solution File, Format Version 12.00
# Visual Studio Version 16
VisualStudioVersion = 16.0.29609.76
MinimumVisualStudioVersion = 10.0.40219.1
Project("{FAE04EC0-301F-11D3-BF4B-00C04F79EFBC}") = "MusicService.API", "MusicService.API\MusicService.API.csproj", "{66EFD1AC-08C8-4533-B9DC-7AF88DA136F1}"
EndProject
Project("{FAE04EC0-301F-11D3-BF4B-00C04F79EFBC}") = "MusicService.Domain", "MusicService.Domain\MusicService.Domain.csproj", "{FFFCB8F6-EEC1-480C-9072-AC82EBD854F0}"
EndProject
Global
	GlobalSection(SolutionConfigurationPlatforms) = preSolution
		Debug|Any CPU = Debug|Any CPU
		Release|Any CPU = Release|Any CPU
	EndGlobalSection
	GlobalSection(ProjectConfigurationPlatforms) = postSolution
		{66EFD1AC-08C8-4533-B9DC-7AF88DA136F1}.Debug|Any CPU.ActiveCfg = Debug|Any CPU
		{66EFD1AC-08C8-4533-B9DC-7AF88DA136F1}.Debug|Any CPU.Build.0 = Debug|Any CPU
		{66EFD1AC-08C8-4533-B9DC-7AF88DA136F1}.Release|Any CPU.ActiveCfg = Release|Any CPU
		{66EFD1AC-08C8-4533-B9DC-7AF88DA136F1}.Release|Any CPU.Build.0 = Release|Any CPU
		{FFFCB8F6-EEC1-480C-9072-AC82EBD854F0}.Debug|Any CPU.ActiveCfg = Debug|Any CPU
		{FFFCB8F6-EEC1-480C-9072-AC82EBD854F0}.Debug|Any CPU.Build.0 = Debug|Any CPU
		{FFFCB8F6-EEC1-480C-9072-AC82EBD854F0}.Release|Any CPU.ActiveCfg = Release|Any CPU
		{FFFCB8F6-EEC1-480C-9072-AC82EBD854F0}.Release|Any CPU.Build.0 = Release|Any CPU
	EndGlobalSection
	GlobalSection(SolutionProperties) = preSolution
		HideSolutionNode = FALSE
	EndGlobalSection
	GlobalSection(ExtensibilityGlobals) = postSolution
		SolutionGuid = {1297A6F0-CDB6-47E2-8A11-098246DD6973}
	EndGlobalSection
EndGlobal
